{
  "lib/T-REX": {
    "tag": {
      "name": "4.1.6",
      "rev": "a09cfd38aa257d56db7ff9c90f30e65f125a141b"
    }
  },
  "lib/chainlink-brownie-contracts": {
    "tag": {
      "name": "1.3.0",
      "rev": "5cb41fbc9b525338b6098da5ea7dd0b7e92f89e4"
    }
  },
  "lib/erc-3525": {
    "tag": {
      "name": "v1.5.0",
      "rev": "d80df770e34b0407b7e72551940f24f4334a289c"
    }
  },
  "lib/forge-std": {
    "tag": {
      "name": "v1.15.0",
      "rev": "0844d7e1fc5e60d77b68e469bff60265f236c398"
    }
  },
  "lib/openzeppelin-contracts": {
    "tag": {
      "name": "v5.6.1",
      "rev": "5fd1781b1454fd1ef8e722282f86f9293cacf256"
    }
  },
  "lib/openzeppelin-contracts-upgradeable": {
    "tag": {
      "name": "v4.9.6",
      "rev": "2d081f24cac1a867f6f73d512f2022e1fa987854"
    }
  },
  "lib/solidity": {
    "tag": {
      "name": "2.2.1",
      "rev": "a483cda6821e3883497972d36d0c4c1e1693e483"
    }
  }
}